// !$*UTF8*$!
{
	archiveVersion = 1;
	classes = {
	};
	objectVersion = 56;
	objects = {

/* Begin PBXBuildFile section */
		045563B029DEBA7200CA5567 /* AppDelegate.swift in Sources */ = {isa = PBXBuildFile; fileRef = 045563AF29DEBA7200CA5567 /* AppDelegate.swift */; };
		045563B229DEBA7200CA5567 /* SceneDelegate.swift in Sources */ = {isa = PBXBuildFile; fileRef = 045563B129DEBA7200CA5567 /* SceneDelegate.swift */; };
		045563B429DEBA7200CA5567 /* ViewController.swift in Sources */ = {isa = PBXBuildFile; fileRef = 045563B329DEBA7200CA5567 /* ViewController.swift */; };
		045563B729DEBA7200CA5567 /* Main.storyboard in Resources */ = {isa = PBXBuildFile; fileRef = 045563B529DEBA7200CA5567 /* Main.storyboard */; };
		045563B929DEBA7300CA5567 /* Assets.xcassets in Resources */ = {isa = PBXBuildFile; fileRef = 045563B829DEBA7300CA5567 /* Assets.xcassets */; };
		045563BC29DEBA7300CA5567 /* LaunchScreen.storyboard in Resources */ = {isa = PBXBuildFile; fileRef = 045563BA29DEBA7300CA5567 /* LaunchScreen.storyboard */; };
		04F4960C29DEBC0600555E8C /* K.swift in Sources */ = {isa = PBXBuildFile; fileRef = 04F4960B29DEBC0600555E8C /* K.swift */; };
		04F4960F29DEBC3100555E8C /* RequestManager.swift in Sources */ = {isa = PBXBuildFile; fileRef = 04F4960E29DEBC3100555E8C /* RequestManager.swift */; };
		04F4961129DEBC4900555E8C /* CalculationManager.swift in Sources */ = {isa = PBXBuildFile; fileRef = 04F4961029DEBC4900555E8C /* CalculationManager.swift */; };
		04F4961329DEBC6000555E8C /* Flight.swift in Sources */ = {isa = PBXBuildFile; fileRef = 04F4961229DEBC6000555E8C /* Flight.swift */; };
		04F4961729DEBCB900555E8C /* TransportationViewController.swift in Sources */ = {isa = PBXBuildFile; fileRef = 04F4961629DEBCB900555E8C /* TransportationViewController.swift */; };
		04F4961929DEBCD000555E8C /* HouseHoldViewController.swift in Sources */ = {isa = PBXBuildFile; fileRef = 04F4961829DEBCD000555E8C /* HouseHoldViewController.swift */; };
		04F4961B29DEBCFD00555E8C /* InformationViewController.swift in Sources */ = {isa = PBXBuildFile; fileRef = 04F4961A29DEBCFD00555E8C /* InformationViewController.swift */; };
		04F4961D29DEBD1800555E8C /* MainPageViewController.swift in Sources */ = {isa = PBXBuildFile; fileRef = 04F4961C29DEBD1800555E8C /* MainPageViewController.swift */; };
		04F4961F29DEBD3500555E8C /* TreeViewController.swift in Sources */ = {isa = PBXBuildFile; fileRef = 04F4961E29DEBD3500555E8C /* TreeViewController.swift */; };
		04F4962129DEBD6E00555E8C /* TabBarController.swift in Sources */ = {isa = PBXBuildFile; fileRef = 04F4962029DEBD6E00555E8C /* TabBarController.swift */; };
		04F4962529DEBDCD00555E8C /* FeedTableViewCell.swift in Sources */ = {isa = PBXBuildFile; fileRef = 04F4962329DEBDCD00555E8C /* FeedTableViewCell.swift */; };
		04F4962629DEBDCD00555E8C /* FeedTableViewCell.xib in Resources */ = {isa = PBXBuildFile; fileRef = 04F4962429DEBDCD00555E8C /* FeedTableViewCell.xib */; };
		04F4962A29DEC02200555E8C /* GoogleService-Info.plist in Resources */ = {isa = PBXBuildFile; fileRef = 04F4962929DEC02200555E8C /* GoogleService-Info.plist */; };
		0506ADB899DB733D4E2B5EE5 /* Pods_CarbonFootprint.framework in Frameworks */ = {isa = PBXBuildFile; fileRef = 1A1D14C82494435FBA1DEA20 /* Pods_CarbonFootprint.framework */; };
/* End PBXBuildFile section */

/* Begin PBXFileReference section */
		045563AC29DEBA7200CA5567 /* CarbonFootprint.app */ = {isa = PBXFileReference; explicitFileType = wrapper.application; includeInIndex = 0; path = CarbonFootprint.app; sourceTree = BUILT_PRODUCTS_DIR; };
		045563AF29DEBA7200CA5567 /* AppDelegate.swift */ = {isa = PBXFileReference; lastKnownFileType = sourcecode.swift; path = AppDelegate.swift; sourceTree = "<group>"; };
		045563B129DEBA7200CA5567 /* SceneDelegate.swift */ = {isa = PBXFileReference; lastKnownFileType = sourcecode.swift; path = SceneDelegate.swift; sourceTree = "<group>"; };
		045563B329DEBA7200CA5567 /* ViewController.swift */ = {isa = PBXFileReference; lastKnownFileType = sourcecode.swift; path = ViewController.swift; sourceTree = "<group>"; };
		045563B629DEBA7200CA5567 /* Base */ = {isa = PBXFileReference; lastKnownFileType = file.storyboard; name = Base; path = Base.lproj/Main.storyboard; sourceTree = "<group>"; };
		045563B829DEBA7300CA5567 /* Assets.xcassets */ = {isa = PBXFileReference; lastKnownFileType = folder.assetcatalog; path = Assets.xcassets; sourceTree = "<group>"; };
		045563BB29DEBA7300CA5567 /* Base */ = {isa = PBXFileReference; lastKnownFileType = file.storyboard; name = Base; path = Base.lproj/LaunchScreen.storyboard; sourceTree = "<group>"; };
		045563BD29DEBA7300CA5567 /* Info.plist */ = {isa = PBXFileReference; lastKnownFileType = text.plist.xml; path = Info.plist; sourceTree = "<group>"; };
		04F4960B29DEBC0600555E8C /* K.swift */ = {isa = PBXFileReference; lastKnownFileType = sourcecode.swift; path = K.swift; sourceTree = "<group>"; };
		04F4960E29DEBC3100555E8C /* RequestManager.swift */ = {isa = PBXFileReference; lastKnownFileType = sourcecode.swift; path = RequestManager.swift; sourceTree = "<group>"; };
		04F4961029DEBC4900555E8C /* CalculationManager.swift */ = {isa = PBXFileReference; lastKnownFileType = sourcecode.swift; path = CalculationManager.swift; sourceTree = "<group>"; };
		04F4961229DEBC6000555E8C /* Flight.swift */ = {isa = PBXFileReference; lastKnownFileType = sourcecode.swift; path = Flight.swift; sourceTree = "<group>"; };
		04F4961629DEBCB900555E8C /* TransportationViewController.swift */ = {isa = PBXFileReference; lastKnownFileType = sourcecode.swift; path = TransportationViewController.swift; sourceTree = "<group>"; };
		04F4961829DEBCD000555E8C /* HouseHoldViewController.swift */ = {isa = PBXFileReference; lastKnownFileType = sourcecode.swift; path = HouseHoldViewController.swift; sourceTree = "<group>"; };
		04F4961A29DEBCFD00555E8C /* InformationViewController.swift */ = {isa = PBXFileReference; lastKnownFileType = sourcecode.swift; path = InformationViewController.swift; sourceTree = "<group>"; };
		04F4961C29DEBD1800555E8C /* MainPageViewController.swift */ = {isa = PBXFileReference; lastKnownFileType = sourcecode.swift; path = MainPageViewController.swift; sourceTree = "<group>"; };
		04F4961E29DEBD3500555E8C /* TreeViewController.swift */ = {isa = PBXFileReference; lastKnownFileType = sourcecode.swift; path = TreeViewController.swift; sourceTree = "<group>"; };
		04F4962029DEBD6E00555E8C /* TabBarController.swift */ = {isa = PBXFileReference; lastKnownFileType = sourcecode.swift; path = TabBarController.swift; sourceTree = "<group>"; };
		04F4962329DEBDCD00555E8C /* FeedTableViewCell.swift */ = {isa = PBXFileReference; lastKnownFileType = sourcecode.swift; path = FeedTableViewCell.swift; sourceTree = "<group>"; };
		04F4962429DEBDCD00555E8C /* FeedTableViewCell.xib */ = {isa = PBXFileReference; lastKnownFileType = file.xib; path = FeedTableViewCell.xib; sourceTree = "<group>"; };
		04F4962929DEC02200555E8C /* GoogleService-Info.plist */ = {isa = PBXFileReference; fileEncoding = 4; lastKnownFileType = text.plist.xml; path = "GoogleService-Info.plist"; sourceTree = "<group>"; };
		1A1D14C82494435FBA1DEA20 /* Pods_CarbonFootprint.framework */ = {isa = PBXFileReference; explicitFileType = wrapper.framework; includeInIndex = 0; path = Pods_CarbonFootprint.framework; sourceTree = BUILT_PRODUCTS_DIR; };
		75A17ECB64DF8B28A766AA13 /* Pods-CarbonFootprint.release.xcconfig */ = {isa = PBXFileReference; includeInIndex = 1; lastKnownFileType = text.xcconfig; name = "Pods-CarbonFootprint.release.xcconfig"; path = "Target Support Files/Pods-CarbonFootprint/Pods-CarbonFootprint.release.xcconfig"; sourceTree = "<group>"; };
		9A55990550DC0637029C6D02 /* Pods-CarbonFootprint.debug.xcconfig */ = {isa = PBXFileReference; includeInIndex = 1; lastKnownFileType = text.xcconfig; name = "Pods-CarbonFootprint.debug.xcconfig"; path = "Target Support Files/Pods-CarbonFootprint/Pods-CarbonFootprint.debug.xcconfig"; sourceTree = "<group>"; };
/* End PBXFileReference section */

/* Begin PBXFrameworksBuildPhase section */
		045563A929DEBA7200CA5567 /* Frameworks */ = {
			isa = PBXFrameworksBuildPhase;
			buildActionMask = 2147483647;
			files = (
				0506ADB899DB733D4E2B5EE5 /* Pods_CarbonFootprint.framework in Frameworks */,
			);
			runOnlyForDeploymentPostprocessing = 0;
		};
/* End PBXFrameworksBuildPhase section */

/* Begin PBXGroup section */
		045563A329DEBA7200CA5567 = {
			isa = PBXGroup;
			children = (
				045563AE29DEBA7200CA5567 /* CarbonFootprint */,
				045563AD29DEBA7200CA5567 /* Products */,
				A1CF4031D8D3B8F9CF2A94BA /* Pods */,
				50FFC21FFCE696CCF709A15D /* Frameworks */,
			);
			sourceTree = "<group>";
		};
		045563AD29DEBA7200CA5567 /* Products */ = {
			isa = PBXGroup;
			children = (
				045563AC29DEBA7200CA5567 /* CarbonFootprint.app */,
			);
			name = Products;
			sourceTree = "<group>";
		};
		045563AE29DEBA7200CA5567 /* CarbonFootprint */ = {
			isa = PBXGroup;
			children = (
				045563AF29DEBA7200CA5567 /* AppDelegate.swift */,
				045563B129DEBA7200CA5567 /* SceneDelegate.swift */,
				04F4960B29DEBC0600555E8C /* K.swift */,
				04F4962229DEBDA500555E8C /* Views */,
				04F4961429DEBC7800555E8C /* Controllers */,
				04F4960D29DEBC1C00555E8C /* Models */,
				045563B829DEBA7300CA5567 /* Assets.xcassets */,
				045563BD29DEBA7300CA5567 /* Info.plist */,
				04F4962929DEC02200555E8C /* GoogleService-Info.plist */,
			);
			path = CarbonFootprint;
			sourceTree = "<group>";
		};
		04F4960D29DEBC1C00555E8C /* Models */ = {
			isa = PBXGroup;
			children = (
				04F4960E29DEBC3100555E8C /* RequestManager.swift */,
				04F4961029DEBC4900555E8C /* CalculationManager.swift */,
				04F4961229DEBC6000555E8C /* Flight.swift */,
			);
			path = Models;
			sourceTree = "<group>";
		};
		04F4961429DEBC7800555E8C /* Controllers */ = {
			isa = PBXGroup;
			children = (
				04F4961529DEBC8100555E8C /* Calculation */,
				045563B329DEBA7200CA5567 /* ViewController.swift */,
				04F4961A29DEBCFD00555E8C /* InformationViewController.swift */,
				04F4961C29DEBD1800555E8C /* MainPageViewController.swift */,
				04F4961E29DEBD3500555E8C /* TreeViewController.swift */,
				04F4962029DEBD6E00555E8C /* TabBarController.swift */,
			);
			path = Controllers;
			sourceTree = "<group>";
		};
		04F4961529DEBC8100555E8C /* Calculation */ = {
			isa = PBXGroup;
			children = (
				04F4961629DEBCB900555E8C /* TransportationViewController.swift */,
				04F4961829DEBCD000555E8C /* HouseHoldViewController.swift */,
			);
			path = Calculation;
			sourceTree = "<group>";
		};
		04F4962229DEBDA500555E8C /* Views */ = {
			isa = PBXGroup;
			children = (
				045563B529DEBA7200CA5567 /* Main.storyboard */,
				045563BA29DEBA7300CA5567 /* LaunchScreen.storyboard */,
				04F4962329DEBDCD00555E8C /* FeedTableViewCell.swift */,
				04F4962429DEBDCD00555E8C /* FeedTableViewCell.xib */,
			);
			path = Views;
			sourceTree = "<group>";
		};
		50FFC21FFCE696CCF709A15D /* Frameworks */ = {
			isa = PBXGroup;
			children = (
				1A1D14C82494435FBA1DEA20 /* Pods_CarbonFootprint.framework */,
			);
			name = Frameworks;
			sourceTree = "<group>";
		};
		A1CF4031D8D3B8F9CF2A94BA /* Pods */ = {
			isa = PBXGroup;
			children = (
				9A55990550DC0637029C6D02 /* Pods-CarbonFootprint.debug.xcconfig */,
				75A17ECB64DF8B28A766AA13 /* Pods-CarbonFootprint.release.xcconfig */,
			);
			path = Pods;
			sourceTree = "<group>";
		};
/* End PBXGroup section */

/* Begin PBXNativeTarget section */
		045563AB29DEBA7200CA5567 /* CarbonFootprint */ = {
			isa = PBXNativeTarget;
			buildConfigurationList = 045563C029DEBA7300CA5567 /* Build configuration list for PBXNativeTarget "CarbonFootprint" */;
			buildPhases = (
				E52829BBE0A634599D3F00C6 /* [CP] Check Pods Manifest.lock */,
				045563A829DEBA7200CA5567 /* Sources */,
				045563A929DEBA7200CA5567 /* Frameworks */,
				045563AA29DEBA7200CA5567 /* Resources */,
				F2DC061BE5BAC915776DA2A9 /* [CP] Embed Pods Frameworks */,
			);
			buildRules = (
			);
			dependencies = (
			);
			name = CarbonFootprint;
			productName = CarbonFootprint;
			productReference = 045563AC29DEBA7200CA5567 /* CarbonFootprint.app */;
			productType = "com.apple.product-type.application";
		};
/* End PBXNativeTarget section */

/* Begin PBXProject section */
		045563A429DEBA7200CA5567 /* Project object */ = {
			isa = PBXProject;
			attributes = {
				BuildIndependentTargetsInParallel = 1;
				LastSwiftUpdateCheck = 1430;
				LastUpgradeCheck = 1430;
				TargetAttributes = {
					045563AB29DEBA7200CA5567 = {
						CreatedOnToolsVersion = 14.3;
					};
				};
			};
			buildConfigurationList = 045563A729DEBA7200CA5567 /* Build configuration list for PBXProject "CarbonFootprint" */;
			compatibilityVersion = "Xcode 14.0";
			developmentRegion = en;
			hasScannedForEncodings = 0;
			knownRegions = (
				en,
				Base,
			);
			mainGroup = 045563A329DEBA7200CA5567;
			productRefGroup = 045563AD29DEBA7200CA5567 /* Products */;
			projectDirPath = "";
			projectRoot = "";
			targets = (
				045563AB29DEBA7200CA5567 /* CarbonFootprint */,
			);
		};
/* End PBXProject section */

/* Begin PBXResourcesBuildPhase section */
		045563AA29DEBA7200CA5567 /* Resources */ = {
			isa = PBXResourcesBuildPhase;
			buildActionMask = 2147483647;
			files = (
				045563BC29DEBA7300CA5567 /* LaunchScreen.storyboard in Resources */,
				04F4962629DEBDCD00555E8C /* FeedTableViewCell.xib in Resources */,
				04F4962A29DEC02200555E8C /* GoogleService-Info.plist in Resources */,
				045563B929DEBA7300CA5567 /* Assets.xcassets in Resources */,
				045563B729DEBA7200CA5567 /* Main.storyboard in Resources */,
			);
			runOnlyForDeploymentPostprocessing = 0;
		};
/* End PBXResourcesBuildPhase section */

/* Begin PBXShellScriptBuildPhase section */
		E52829BBE0A634599D3F00C6 /* [CP] Check Pods Manifest.lock */ = {
			isa = PBXShellScriptBuildPhase;
			buildActionMask = 2147483647;
			files = (
			);
			inputFileListPaths = (
			);
			inputPaths = (
				"${PODS_PODFILE_DIR_PATH}/Podfile.lock",
				"${PODS_ROOT}/Manifest.lock",
			);
			name = "[CP] Check Pods Manifest.lock";
			outputFileListPaths = (
			);
			outputPaths = (
				"$(DERIVED_FILE_DIR)/Pods-CarbonFootprint-checkManifestLockResult.txt",
			);
			runOnlyForDeploymentPostprocessing = 0;
			shellPath = /bin/sh;
			shellScript = "diff \"${PODS_PODFILE_DIR_PATH}/Podfile.lock\" \"${PODS_ROOT}/Manifest.lock\" > /dev/null\nif [ $? != 0 ] ; then\n    # print error to STDERR\n    echo \"error: The sandbox is not in sync with the Podfile.lock. Run 'pod install' or update your CocoaPods installation.\" >&2\n    exit 1\nfi\n# This output is used by Xcode 'outputs' to avoid re-running this script phase.\necho \"SUCCESS\" > \"${SCRIPT_OUTPUT_FILE_0}\"\n";
			showEnvVarsInLog = 0;
		};
		F2DC061BE5BAC915776DA2A9 /* [CP] Embed Pods Frameworks */ = {
			isa = PBXShellScriptBuildPhase;
			buildActionMask = 2147483647;
			files = (
			);
			inputFileListPaths = (
				"${PODS_ROOT}/Target Support Files/Pods-CarbonFootprint/Pods-CarbonFootprint-frameworks-${CONFIGURATION}-input-files.xcfilelist",
			);
			name = "[CP] Embed Pods Frameworks";
			outputFileListPaths = (
				"${PODS_ROOT}/Target Support Files/Pods-CarbonFootprint/Pods-CarbonFootprint-frameworks-${CONFIGURATION}-output-files.xcfilelist",
			);
			runOnlyForDeploymentPostprocessing = 0;
			shellPath = /bin/sh;
			shellScript = "\"${PODS_ROOT}/Target Support Files/Pods-CarbonFootprint/Pods-CarbonFootprint-frameworks.sh\"\n";
			showEnvVarsInLog = 0;
		};
/* End PBXShellScriptBuildPhase section */

/* Begin PBXSourcesBuildPhase section */
		045563A829DEBA7200CA5567 /* Sources */ = {
			isa = PBXSourcesBuildPhase;
			buildActionMask = 2147483647;
			files = (
				04F4960F29DEBC3100555E8C /* RequestManager.swift in Sources */,
				04F4962129DEBD6E00555E8C /* TabBarController.swift in Sources */,
				045563B429DEBA7200CA5567 /* ViewController.swift in Sources */,
				04F4960C29DEBC0600555E8C /* K.swift in Sources */,
				04F4961129DEBC4900555E8C /* CalculationManager.swift in Sources */,
				04F4961729DEBCB900555E8C /* TransportationViewController.swift in Sources */,
				04F4961929DEBCD000555E8C /* HouseHoldViewController.swift in Sources */,
				045563B029DEBA7200CA5567 /* AppDelegate.swift in Sources */,
				045563B229DEBA7200CA5567 /* SceneDelegate.swift in Sources */,
				04F4962529DEBDCD00555E8C /* FeedTableViewCell.swift in Sources */,
				04F4961D29DEBD1800555E8C /* MainPageViewController.swift in Sources */,
				04F4961329DEBC6000555E8C /* Flight.swift in Sources */,
				04F4961F29DEBD3500555E8C /* TreeViewController.swift in Sources */,
				04F4961B29DEBCFD00555E8C /* InformationViewController.swift in Sources */,
			);
			runOnlyForDeploymentPostprocessing = 0;
		};
/* End PBXSourcesBuildPhase section */

/* Begin PBXVariantGroup section */
		045563B529DEBA7200CA5567 /* Main.storyboard */ = {
			isa = PBXVariantGroup;
			children = (
				045563B629DEBA7200CA5567 /* Base */,
			);
			name = Main.storyboard;
			sourceTree = "<group>";
		};
		045563BA29DEBA7300CA5567 /* LaunchScreen.storyboard */ = {
			isa = PBXVariantGroup;
			children = (
				045563BB29DEBA7300CA5567 /* Base */,
			);
			name = LaunchScreen.storyboard;
			sourceTree = "<group>";
		};
/* End PBXVariantGroup section */

/* Begin XCBuildConfiguration section */
		045563BE29DEBA7300CA5567 /* Debug */ = {
			isa = XCBuildConfiguration;
			buildSettings = {
				ALWAYS_SEARCH_USER_PATHS = NO;
				CLANG_ANALYZER_NONNULL = YES;
				CLANG_ANALYZER_NUMBER_OBJECT_CONVERSION = YES_AGGRESSIVE;
				CLANG_CXX_LANGUAGE_STANDARD = "gnu++20";
				CLANG_ENABLE_MODULES = YES;
				CLANG_ENABLE_OBJC_ARC = YES;
				CLANG_ENABLE_OBJC_WEAK = YES;
				CLANG_WARN_BLOCK_CAPTURE_AUTORELEASING = YES;
				CLANG_WARN_BOOL_CONVERSION = YES;
				CLANG_WARN_COMMA = YES;
				CLANG_WARN_CONSTANT_CONVERSION = YES;
				CLANG_WARN_DEPRECATED_OBJC_IMPLEMENTATIONS = YES;
				CLANG_WARN_DIRECT_OBJC_ISA_USAGE = YES_ERROR;
				CLANG_WARN_DOCUMENTATION_COMMENTS = YES;
				CLANG_WARN_EMPTY_BODY = YES;
				CLANG_WARN_ENUM_CONVERSION = YES;
				CLANG_WARN_INFINITE_RECURSION = YES;
				CLANG_WARN_INT_CONVERSION = YES;
				CLANG_WARN_NON_LITERAL_NULL_CONVERSION = YES;
				CLANG_WARN_OBJC_IMPLICIT_RETAIN_SELF = YES;
				CLANG_WARN_OBJC_LITERAL_CONVERSION = YES;
				CLANG_WARN_OBJC_ROOT_CLASS = YES_ERROR;
				CLANG_WARN_QUOTED_INCLUDE_IN_FRAMEWORK_HEADER = YES;
				CLANG_WARN_RANGE_LOOP_ANALYSIS = YES;
				CLANG_WARN_STRICT_PROTOTYPES = YES;
				CLANG_WARN_SUSPICIOUS_MOVE = YES;
				CLANG_WARN_UNGUARDED_AVAILABILITY = YES_AGGRESSIVE;
				CLANG_WARN_UNREACHABLE_CODE = YES;
				CLANG_WARN__DUPLICATE_METHOD_MATCH = YES;
				COPY_PHASE_STRIP = NO;
				DEBUG_INFORMATION_FORMAT = dwarf;
				ENABLE_STRICT_OBJC_MSGSEND = YES;
				ENABLE_TESTABILITY = YES;
				GCC_C_LANGUAGE_STANDARD = gnu11;
				GCC_DYNAMIC_NO_PIC = NO;
				GCC_NO_COMMON_BLOCKS = YES;
				GCC_OPTIMIZATION_LEVEL = 0;
				GCC_PREPROCESSOR_DEFINITIONS = (
					"DEBUG=1",
					"$(inherited)",
				);
				GCC_WARN_64_TO_32_BIT_CONVERSION = YES;
				GCC_WARN_ABOUT_RETURN_TYPE = YES_ERROR;
				GCC_WARN_UNDECLARED_SELECTOR = YES;
				GCC_WARN_UNINITIALIZED_AUTOS = YES_AGGRESSIVE;
				GCC_WARN_UNUSED_FUNCTION = YES;
				GCC_WARN_UNUSED_VARIABLE = YES;
				IPHONEOS_DEPLOYMENT_TARGET = 16.4;
				MTL_ENABLE_DEBUG_INFO = INCLUDE_SOURCE;
				MTL_FAST_MATH = YES;
				ONLY_ACTIVE_ARCH = YES;
				SDKROOT = iphoneos;
				SWIFT_ACTIVE_COMPILATION_CONDITIONS = DEBUG;
				SWIFT_OPTIMIZATION_LEVEL = "-Onone";
			};
			name = Debug;
		};
		045563BF29DEBA7300CA5567 /* Release */ = {
			isa = XCBuildConfiguration;
			buildSettings = {
				ALWAYS_SEARCH_USER_PATHS = NO;
				CLANG_ANALYZER_NONNULL = YES;
				CLANG_ANALYZER_NUMBER_OBJECT_CONVERSION = YES_AGGRESSIVE;
				CLANG_CXX_LANGUAGE_STANDARD = "gnu++20";
				CLANG_ENABLE_MODULES = YES;
				CLANG_ENABLE_OBJC_ARC = YES;
				CLANG_ENABLE_OBJC_WEAK = YES;
				CLANG_WARN_BLOCK_CAPTURE_AUTORELEASING = YES;
				CLANG_WARN_BOOL_CONVERSION = YES;
				CLANG_WARN_COMMA = YES;
				CLANG_WARN_CONSTANT_CONVERSION = YES;
				CLANG_WARN_DEPRECATED_OBJC_IMPLEMENTATIONS = YES;
				CLANG_WARN_DIRECT_OBJC_ISA_USAGE = YES_ERROR;
				CLANG_WARN_DOCUMENTATION_COMMENTS = YES;
				CLANG_WARN_EMPTY_BODY = YES;
				CLANG_WARN_ENUM_CONVERSION = YES;
				CLANG_WARN_INFINITE_RECURSION = YES;
				CLANG_WARN_INT_CONVERSION = YES;
				CLANG_WARN_NON_LITERAL_NULL_CONVERSION = YES;
				CLANG_WARN_OBJC_IMPLICIT_RETAIN_SELF = YES;
				CLANG_WARN_OBJC_LITERAL_CONVERSION = YES;
				CLANG_WARN_OBJC_ROOT_CLASS = YES_ERROR;
				CLANG_WARN_QUOTED_INCLUDE_IN_FRAMEWORK_HEADER = YES;
				CLANG_WARN_RANGE_LOOP_ANALYSIS = YES;
				CLANG_WARN_STRICT_PROTOTYPES = YES;
				CLANG_WARN_SUSPICIOUS_MOVE = YES;
				CLANG_WARN_UNGUARDED_AVAILABILITY = YES_AGGRESSIVE;
				CLANG_WARN_UNREACHABLE_CODE = YES;
				CLANG_WARN__DUPLICATE_METHOD_MATCH = YES;
				COPY_PHASE_STRIP = NO;
				DEBUG_INFORMATION_FORMAT = "dwarf-with-dsym";
				ENABLE_NS_ASSERTIONS = NO;
				ENABLE_STRICT_OBJC_MSGSEND = YES;
				GCC_C_LANGUAGE_STANDARD = gnu11;
				GCC_NO_COMMON_BLOCKS = YES;
				GCC_WARN_64_TO_32_BIT_CONVERSION = YES;
				GCC_WARN_ABOUT_RETURN_TYPE = YES_ERROR;
				GCC_WARN_UNDECLARED_SELECTOR = YES;
				GCC_WARN_UNINITIALIZED_AUTOS = YES_AGGRESSIVE;
				GCC_WARN_UNUSED_FUNCTION = YES;
				GCC_WARN_UNUSED_VARIABLE = YES;
				IPHONEOS_DEPLOYMENT_TARGET = 16.4;
				MTL_ENABLE_DEBUG_INFO = NO;
				MTL_FAST_MATH = YES;
				SDKROOT = iphoneos;
				SWIFT_COMPILATION_MODE = wholemodule;
				SWIFT_OPTIMIZATION_LEVEL = "-O";
				VALIDATE_PRODUCT = YES;
			};
			name = Release;
		};
		045563C129DEBA7300CA5567 /* Debug */ = {
			isa = XCBuildConfiguration;
			baseConfigurationReference = 9A55990550DC0637029C6D02 /* Pods-CarbonFootprint.debug.xcconfig */;
			buildSettings = {
				ASSETCATALOG_COMPILER_APPICON_NAME = AppIcon;
				ASSETCATALOG_COMPILER_GLOBAL_ACCENT_COLOR_NAME = AccentColor;
				CODE_SIGN_STYLE = Automatic;
				CURRENT_PROJECT_VERSION = 1;
				DEVELOPMENT_TEAM = F5DCDDDQPA;
				GENERATE_INFOPLIST_FILE = YES;
				INFOPLIST_FILE = CarbonFootprint/Info.plist;
				INFOPLIST_KEY_UIApplicationSupportsIndirectInputEvents = YES;
				INFOPLIST_KEY_UILaunchStoryboardName = LaunchScreen;
				INFOPLIST_KEY_UIMainStoryboardFile = Main;
				INFOPLIST_KEY_UISupportedInterfaceOrientations_iPad = "UIInterfaceOrientationPortrait UIInterfaceOrientationPortraitUpsideDown UIInterfaceOrientationLandscapeLeft UIInterfaceOrientationLandscapeRight";
				INFOPLIST_KEY_UISupportedInterfaceOrientations_iPhone = "UIInterfaceOrientationPortrait UIInterfaceOrientationLandscapeLeft UIInterfaceOrientationLandscapeRight";
				IPHONEOS_DEPLOYMENT_TARGET = 13.0;
				LD_RUNPATH_SEARCH_PATHS = (
					"$(inherited)",
					"@executable_path/Frameworks",
				);
				MARKETING_VERSION = 1.0;
				PRODUCT_BUNDLE_IDENTIFIER = com.mursel.carbonfootprint;
				PRODUCT_NAME = "$(TARGET_NAME)";
				SWIFT_EMIT_LOC_STRINGS = YES;
				SWIFT_VERSION = 5.0;
				TARGETED_DEVICE_FAMILY = "1,2";
			};
			name = Debug;
		};
		045563C229DEBA7300CA5567 /* Release */ = {
			isa = XCBuildConfiguration;
			baseConfigurationReference = 75A17ECB64DF8B28A766AA13 /* Pods-CarbonFootprint.release.xcconfig */;
			buildSettings = {
				ASSETCATALOG_COMPILER_APPICON_NAME = AppIcon;
				ASSETCATALOG_COMPILER_GLOBAL_ACCENT_COLOR_NAME = AccentColor;
				CODE_SIGN_STYLE = Automatic;
				CURRENT_PROJECT_VERSION = 1;
				DEVELOPMENT_TEAM = F5DCDDDQPA;
				GENERATE_INFOPLIST_FILE = YES;
				INFOPLIST_FILE = CarbonFootprint/Info.plist;
				INFOPLIST_KEY_UIApplicationSupportsIndirectInputEvents = YES;
				INFOPLIST_KEY_UILaunchStoryboardName = LaunchScreen;
				INFOPLIST_KEY_UIMainStoryboardFile = Main;
				INFOPLIST_KEY_UISupportedInterfaceOrientations_iPad = "UIInterfaceOrientationPortrait UIInterfaceOrientationPortraitUpsideDown UIInterfaceOrientationLandscapeLeft UIInterfaceOrientationLandscapeRight";
				INFOPLIST_KEY_UISupportedInterfaceOrientations_iPhone = "UIInterfaceOrientationPortrait UIInterfaceOrientationLandscapeLeft UIInterfaceOrientationLandscapeRight";
				IPHONEOS_DEPLOYMENT_TARGET = 13.0;
				LD_RUNPATH_SEARCH_PATHS = (
					"$(inherited)",
					"@executable_path/Frameworks",
				);
				MARKETING_VERSION = 1.0;
				PRODUCT_BUNDLE_IDENTIFIER = com.mursel.carbonfootprint;
				PRODUCT_NAME = "$(TARGET_NAME)";
				SWIFT_EMIT_LOC_STRINGS = YES;
				SWIFT_VERSION = 5.0;
				TARGETED_DEVICE_FAMILY = "1,2";
			};
			name = Release;
		};
/* End XCBuildConfiguration section */

/* Begin XCConfigurationList section */
		045563A729DEBA7200CA5567 /* Build configuration list for PBXProject "CarbonFootprint" */ = {
			isa = XCConfigurationList;
			buildConfigurations = (
				045563BE29DEBA7300CA5567 /* Debug */,
				045563BF29DEBA7300CA5567 /* Release */,
			);
			defaultConfigurationIsVisible = 0;
			defaultConfigurationName = Release;
		};
		045563C029DEBA7300CA5567 /* Build configuration list for PBXNativeTarget "CarbonFootprint" */ = {
			isa = XCConfigurationList;
			buildConfigurations = (
				045563C129DEBA7300CA5567 /* Debug */,
				045563C229DEBA7300CA5567 /* Release */,
			);
			defaultConfigurationIsVisible = 0;
			defaultConfigurationName = Release;
		};
/* End XCConfigurationList section */
	};
	rootObject = 045563A429DEBA7200CA5567 /* Project object */;
}
